// !$*UTF8*$!
{
	archiveVersion = 1;
	classes = {
	};
	objectVersion = 56;
	objects = {

/* Begin PBXBuildFile section */
		0000000100000001 /* DiskSpiceApp.swift in Sources */ = {isa = PBXBuildFile; fileRef = 0000000200000002 /* DiskSpiceApp.swift */; };
		0000000100000003 /* ContentView.swift in Sources */ = {isa = PBXBuildFile; fileRef = 0000000200000004 /* ContentView.swift */; };
		0000000100000005 /* Assets.xcassets in Resources */ = {isa = PBXBuildFile; fileRef = 0000000200000006 /* Assets.xcassets */; };
		0000000100000007 /* AppState.swift in Sources */ = {isa = PBXBuildFile; fileRef = 0000000200000012 /* AppState.swift */; };
		0000000100000009 /* FileNode.swift in Sources */ = {isa = PBXBuildFile; fileRef = 0000000200000014 /* FileNode.swift */; };
		000000010000000B /* VolumeInfo.swift in Sources */ = {isa = PBXBuildFile; fileRef = 0000000200000016 /* VolumeInfo.swift */; };
		000000010000000D /* NavigationState.swift in Sources */ = {isa = PBXBuildFile; fileRef = 0000000200000018 /* NavigationState.swift */; };
		000000010000000F /* ScannerProtocol.swift in Sources */ = {isa = PBXBuildFile; fileRef = 000000020000001A /* ScannerProtocol.swift */; };
		0000000100000011 /* MockScanner.swift in Sources */ = {isa = PBXBuildFile; fileRef = 000000020000001C /* MockScanner.swift */; };
		0000000100000013 /* RustScanner.swift in Sources */ = {isa = PBXBuildFile; fileRef = 000000020000001E /* RustScanner.swift */; };
		0000000100000015 /* DiskSummaryBar.swift in Sources */ = {isa = PBXBuildFile; fileRef = 0000000200000020 /* DiskSummaryBar.swift */; };
		0000000100000017 /* SplitView.swift in Sources */ = {isa = PBXBuildFile; fileRef = 0000000200000022 /* SplitView.swift */; };
		0000000100000019 /* BreadcrumbBar.swift in Sources */ = {isa = PBXBuildFile; fileRef = 0000000200000024 /* BreadcrumbBar.swift */; };
		000000010000001B /* FileListView.swift in Sources */ = {isa = PBXBuildFile; fileRef = 0000000200000026 /* FileListView.swift */; };
		000000010000001D /* TreemapLayout.swift in Sources */ = {isa = PBXBuildFile; fileRef = 0000000200000028 /* TreemapLayout.swift */; };
		000000010000001F /* TreemapView.swift in Sources */ = {isa = PBXBuildFile; fileRef = 000000020000002A /* TreemapView.swift */; };
		0000000100000021 /* FileTypeColors.swift in Sources */ = {isa = PBXBuildFile; fileRef = 000000020000002C /* FileTypeColors.swift */; };
		0000000100000023 /* TreemapContainer.swift in Sources */ = {isa = PBXBuildFile; fileRef = 000000020000002E /* TreemapContainer.swift */; };
		0000000100000025 /* ScanStatusModifier.swift in Sources */ = {isa = PBXBuildFile; fileRef = 0000000200000030 /* ScanStatusModifier.swift */; };
		0000000100000027 /* ScanCoordinator.swift in Sources */ = {isa = PBXBuildFile; fileRef = 0000000200000032 /* ScanCoordinator.swift */; };
		0000000100000029 /* VolumeManager.swift in Sources */ = {isa = PBXBuildFile; fileRef = 0000000200000034 /* VolumeManager.swift */; };
		000000010000002B /* CacheSchema.swift in Sources */ = {isa = PBXBuildFile; fileRef = 0000000200000036 /* CacheSchema.swift */; };
		000000010000002D /* CacheManager.swift in Sources */ = {isa = PBXBuildFile; fileRef = 0000000200000038 /* CacheManager.swift */; };
		000000010000002F /* SearchBar.swift in Sources */ = {isa = PBXBuildFile; fileRef = 000000020000003A /* SearchBar.swift */; };
		0000000100000031 /* FileOperations.swift in Sources */ = {isa = PBXBuildFile; fileRef = 000000020000003C /* FileOperations.swift */; };
		0000000100000033 /* DebugLogger.swift in Sources */ = {isa = PBXBuildFile; fileRef = 000000020000003E /* DebugLogger.swift */; };
		0000000100000035 /* SwiftScanner.swift in Sources */ = {isa = PBXBuildFile; fileRef = 0000000200000040 /* SwiftScanner.swift */; };
		000000A000000006 /* ScanQueue.swift in Sources */ = {isa = PBXBuildFile; fileRef = 000000A000000005 /* ScanQueue.swift */; };
/* End PBXBuildFile section */

/* Begin PBXFileReference section */
		0000000200000002 /* DiskSpiceApp.swift */ = {isa = PBXFileReference; lastKnownFileType = sourcecode.swift; path = DiskSpiceApp.swift; sourceTree = "<group>"; };
		0000000200000004 /* ContentView.swift */ = {isa = PBXFileReference; lastKnownFileType = sourcecode.swift; path = ContentView.swift; sourceTree = "<group>"; };
		0000000200000006 /* Assets.xcassets */ = {isa = PBXFileReference; lastKnownFileType = folder.assetcatalog; path = Assets.xcassets; sourceTree = "<group>"; };
		0000000200000008 /* DiskSpice.entitlements */ = {isa = PBXFileReference; lastKnownFileType = text.plist.entitlements; path = DiskSpice.entitlements; sourceTree = "<group>"; };
		0000000200000010 /* Info.plist */ = {isa = PBXFileReference; lastKnownFileType = text.plist.xml; path = Info.plist; sourceTree = "<group>"; };
		0000000200000012 /* AppState.swift */ = {isa = PBXFileReference; lastKnownFileType = sourcecode.swift; path = AppState.swift; sourceTree = "<group>"; };
		0000000200000014 /* FileNode.swift */ = {isa = PBXFileReference; lastKnownFileType = sourcecode.swift; path = FileNode.swift; sourceTree = "<group>"; };
		0000000200000016 /* VolumeInfo.swift */ = {isa = PBXFileReference; lastKnownFileType = sourcecode.swift; path = VolumeInfo.swift; sourceTree = "<group>"; };
		0000000200000018 /* NavigationState.swift */ = {isa = PBXFileReference; lastKnownFileType = sourcecode.swift; path = NavigationState.swift; sourceTree = "<group>"; };
		000000020000001A /* ScannerProtocol.swift */ = {isa = PBXFileReference; lastKnownFileType = sourcecode.swift; path = ScannerProtocol.swift; sourceTree = "<group>"; };
		000000020000001C /* MockScanner.swift */ = {isa = PBXFileReference; lastKnownFileType = sourcecode.swift; path = MockScanner.swift; sourceTree = "<group>"; };
		000000020000001E /* RustScanner.swift */ = {isa = PBXFileReference; lastKnownFileType = sourcecode.swift; path = RustScanner.swift; sourceTree = "<group>"; };
		0000000200000020 /* DiskSummaryBar.swift */ = {isa = PBXFileReference; lastKnownFileType = sourcecode.swift; path = DiskSummaryBar.swift; sourceTree = "<group>"; };
		0000000200000022 /* SplitView.swift */ = {isa = PBXFileReference; lastKnownFileType = sourcecode.swift; path = SplitView.swift; sourceTree = "<group>"; };
		0000000200000024 /* BreadcrumbBar.swift */ = {isa = PBXFileReference; lastKnownFileType = sourcecode.swift; path = BreadcrumbBar.swift; sourceTree = "<group>"; };
		0000000200000026 /* FileListView.swift */ = {isa = PBXFileReference; lastKnownFileType = sourcecode.swift; path = FileListView.swift; sourceTree = "<group>"; };
		0000000200000028 /* TreemapLayout.swift */ = {isa = PBXFileReference; lastKnownFileType = sourcecode.swift; path = TreemapLayout.swift; sourceTree = "<group>"; };
		000000020000002A /* TreemapView.swift */ = {isa = PBXFileReference; lastKnownFileType = sourcecode.swift; path = TreemapView.swift; sourceTree = "<group>"; };
		000000020000002C /* FileTypeColors.swift */ = {isa = PBXFileReference; lastKnownFileType = sourcecode.swift; path = FileTypeColors.swift; sourceTree = "<group>"; };
		000000020000002E /* TreemapContainer.swift */ = {isa = PBXFileReference; lastKnownFileType = sourcecode.swift; path = TreemapContainer.swift; sourceTree = "<group>"; };
		0000000200000030 /* ScanStatusModifier.swift */ = {isa = PBXFileReference; lastKnownFileType = sourcecode.swift; path = ScanStatusModifier.swift; sourceTree = "<group>"; };
		0000000200000032 /* ScanCoordinator.swift */ = {isa = PBXFileReference; lastKnownFileType = sourcecode.swift; path = ScanCoordinator.swift; sourceTree = "<group>"; };
		0000000200000034 /* VolumeManager.swift */ = {isa = PBXFileReference; lastKnownFileType = sourcecode.swift; path = VolumeManager.swift; sourceTree = "<group>"; };
		0000000200000036 /* CacheSchema.swift */ = {isa = PBXFileReference; lastKnownFileType = sourcecode.swift; path = CacheSchema.swift; sourceTree = "<group>"; };
		0000000200000038 /* CacheManager.swift */ = {isa = PBXFileReference; lastKnownFileType = sourcecode.swift; path = CacheManager.swift; sourceTree = "<group>"; };
		000000020000003A /* SearchBar.swift */ = {isa = PBXFileReference; lastKnownFileType = sourcecode.swift; path = SearchBar.swift; sourceTree = "<group>"; };
		000000020000003C /* FileOperations.swift */ = {isa = PBXFileReference; lastKnownFileType = sourcecode.swift; path = FileOperations.swift; sourceTree = "<group>"; };
		000000020000003E /* DebugLogger.swift */ = {isa = PBXFileReference; lastKnownFileType = sourcecode.swift; path = DebugLogger.swift; sourceTree = "<group>"; };
		0000000200000040 /* SwiftScanner.swift */ = {isa = PBXFileReference; lastKnownFileType = sourcecode.swift; path = SwiftScanner.swift; sourceTree = "<group>"; };
		000000A000000005 /* ScanQueue.swift */ = {isa = PBXFileReference; lastKnownFileType = sourcecode.swift; path = ScanQueue.swift; sourceTree = "<group>"; };
		0000000300000001 /* DiskSpice.app */ = {isa = PBXFileReference; explicitFileType = wrapper.application; includeInIndex = 0; path = DiskSpice.app; sourceTree = BUILT_PRODUCTS_DIR; };
/* End PBXFileReference section */

/* Begin PBXFrameworksBuildPhase section */
		0000000400000001 /* Frameworks */ = {
			isa = PBXFrameworksBuildPhase;
			buildActionMask = 2147483647;
			files = (
			);
			runOnlyForDeploymentPostprocessing = 0;
		};
/* End PBXFrameworksBuildPhase section */

/* Begin PBXGroup section */
		0000000500000001 = {
			isa = PBXGroup;
			children = (
				0000000500000002 /* DiskSpice */,
				0000000500000003 /* Products */,
			);
			sourceTree = "<group>";
		};
		0000000500000002 /* DiskSpice */ = {
			isa = PBXGroup;
			children = (
				0000000500000010 /* App */,
				0000000500000011 /* Models */,
				0000000500000012 /* Views */,
				0000000500000013 /* Services */,
				0000000500000014 /* Utilities */,
				0000000500000015 /* Resources */,
				0000000200000008 /* DiskSpice.entitlements */,
				0000000200000010 /* Info.plist */,
			);
			path = DiskSpice;
			sourceTree = "<group>";
		};
		0000000500000003 /* Products */ = {
			isa = PBXGroup;
			children = (
				0000000300000001 /* DiskSpice.app */,
			);
			name = Products;
			sourceTree = "<group>";
		};
		0000000500000010 /* App */ = {
			isa = PBXGroup;
			children = (
				0000000200000002 /* DiskSpiceApp.swift */,
				0000000200000012 /* AppState.swift */,
			);
			path = App;
			sourceTree = "<group>";
		};
		0000000500000011 /* Models */ = {
			isa = PBXGroup;
			children = (
				0000000200000014 /* FileNode.swift */,
				0000000200000016 /* VolumeInfo.swift */,
				0000000200000018 /* NavigationState.swift */,
			);
			path = Models;
			sourceTree = "<group>";
		};
		0000000500000012 /* Views */ = {
			isa = PBXGroup;
			children = (
				0000000200000004 /* ContentView.swift */,
				0000000500000016 /* Components */,
				0000000500000017 /* Treemap */,
				0000000500000018 /* List */,
			);
			path = Views;
			sourceTree = "<group>";
		};
		0000000500000013 /* Services */ = {
			isa = PBXGroup;
			children = (
				000000020000001A /* ScannerProtocol.swift */,
				000000020000001C /* MockScanner.swift */,
				000000020000001E /* RustScanner.swift */,
				0000000200000032 /* ScanCoordinator.swift */,
				0000000200000034 /* VolumeManager.swift */,
				000000020000003C /* FileOperations.swift */,
				000000020000003E /* DebugLogger.swift */,
				0000000200000040 /* SwiftScanner.swift */,
				000000A000000005 /* ScanQueue.swift */,
				0000000500000019 /* Cache */,
			);
			path = Services;
			sourceTree = "<group>";
		};
		0000000500000019 /* Cache */ = {
			isa = PBXGroup;
			children = (
				0000000200000036 /* CacheSchema.swift */,
				0000000200000038 /* CacheManager.swift */,
			);
			path = Cache;
			sourceTree = "<group>";
		};
		0000000500000014 /* Utilities */ = {
			isa = PBXGroup;
			children = (
			);
			path = Utilities;
			sourceTree = "<group>";
		};
		0000000500000015 /* Resources */ = {
			isa = PBXGroup;
			children = (
				0000000200000006 /* Assets.xcassets */,
			);
			path = Resources;
			sourceTree = "<group>";
		};
		0000000500000016 /* Components */ = {
			isa = PBXGroup;
			children = (
				0000000200000020 /* DiskSummaryBar.swift */,
				0000000200000022 /* SplitView.swift */,
				0000000200000024 /* BreadcrumbBar.swift */,
				0000000200000030 /* ScanStatusModifier.swift */,
				000000020000003A /* SearchBar.swift */,
			);
			path = Components;
			sourceTree = "<group>";
		};
		0000000500000017 /* Treemap */ = {
			isa = PBXGroup;
			children = (
				0000000200000028 /* TreemapLayout.swift */,
				000000020000002A /* TreemapView.swift */,
				000000020000002C /* FileTypeColors.swift */,
				000000020000002E /* TreemapContainer.swift */,
			);
			path = Treemap;
			sourceTree = "<group>";
		};
		0000000500000018 /* List */ = {
			isa = PBXGroup;
			children = (
				0000000200000026 /* FileListView.swift */,
			);
			path = List;
			sourceTree = "<group>";
		};
/* End PBXGroup section */

/* Begin PBXNativeTarget section */
		0000000600000001 /* DiskSpice */ = {
			isa = PBXNativeTarget;
			buildConfigurationList = 0000000800000001 /* Build configuration list for PBXNativeTarget "DiskSpice" */;
			buildPhases = (
				0000000700000001 /* Sources */,
				0000000400000001 /* Frameworks */,
				0000000700000002 /* Resources */,
			);
			buildRules = (
			);
			dependencies = (
			);
			name = DiskSpice;
			productName = DiskSpice;
			productReference = 0000000300000001 /* DiskSpice.app */;
			productType = "com.apple.product-type.application";
		};
/* End PBXNativeTarget section */

/* Begin PBXProject section */
		0000000900000001 /* Project object */ = {
			isa = PBXProject;
			attributes = {
				BuildIndependentTargetsInParallel = 1;
				LastSwiftUpdateCheck = 1500;
				LastUpgradeCheck = 1500;
				TargetAttributes = {
					0000000600000001 = {
						CreatedOnToolsVersion = 15.0;
					};
				};
			};
			buildConfigurationList = 0000000800000002 /* Build configuration list for PBXProject "DiskSpice" */;
			compatibilityVersion = "Xcode 14.0";
			developmentRegion = en;
			hasScannedForEncodings = 0;
			knownRegions = (
				en,
				Base,
			);
			mainGroup = 0000000500000001;
			productRefGroup = 0000000500000003 /* Products */;
			projectDirPath = "";
			projectRoot = "";
			targets = (
				0000000600000001 /* DiskSpice */,
			);
		};
/* End PBXProject section */

/* Begin PBXResourcesBuildPhase section */
		0000000700000002 /* Resources */ = {
			isa = PBXResourcesBuildPhase;
			buildActionMask = 2147483647;
			files = (
				0000000100000005 /* Assets.xcassets in Resources */,
			);
			runOnlyForDeploymentPostprocessing = 0;
		};
/* End PBXResourcesBuildPhase section */

/* Begin PBXSourcesBuildPhase section */
		0000000700000001 /* Sources */ = {
			isa = PBXSourcesBuildPhase;
			buildActionMask = 2147483647;
			files = (
				0000000100000001 /* DiskSpiceApp.swift in Sources */,
				0000000100000003 /* ContentView.swift in Sources */,
				0000000100000007 /* AppState.swift in Sources */,
				0000000100000009 /* FileNode.swift in Sources */,
				000000010000000B /* VolumeInfo.swift in Sources */,
				000000010000000D /* NavigationState.swift in Sources */,
				000000010000000F /* ScannerProtocol.swift in Sources */,
				0000000100000011 /* MockScanner.swift in Sources */,
				0000000100000013 /* RustScanner.swift in Sources */,
				0000000100000015 /* DiskSummaryBar.swift in Sources */,
				0000000100000017 /* SplitView.swift in Sources */,
				0000000100000019 /* BreadcrumbBar.swift in Sources */,
				000000010000001B /* FileListView.swift in Sources */,
				000000010000001D /* TreemapLayout.swift in Sources */,
				000000010000001F /* TreemapView.swift in Sources */,
				0000000100000021 /* FileTypeColors.swift in Sources */,
				0000000100000023 /* TreemapContainer.swift in Sources */,
				0000000100000025 /* ScanStatusModifier.swift in Sources */,
				0000000100000027 /* ScanCoordinator.swift in Sources */,
				0000000100000029 /* VolumeManager.swift in Sources */,
				000000010000002B /* CacheSchema.swift in Sources */,
				000000010000002D /* CacheManager.swift in Sources */,
				000000010000002F /* SearchBar.swift in Sources */,
				0000000100000031 /* FileOperations.swift in Sources */,
				0000000100000033 /* DebugLogger.swift in Sources */,
				0000000100000035 /* SwiftScanner.swift in Sources */,
				000000A000000006 /* ScanQueue.swift in Sources */,
			);
			runOnlyForDeploymentPostprocessing = 0;
		};
/* End PBXSourcesBuildPhase section */

/* Begin XCBuildConfiguration section */
		000000A000000001 /* Debug */ = {
			isa = XCBuildConfiguration;
			buildSettings = {
				ALWAYS_SEARCH_USER_PATHS = NO;
				ASSETCATALOG_COMPILER_GENERATE_SWIFT_ASSET_SYMBOL_EXTENSIONS = YES;
				CLANG_ANALYZER_NONNULL = YES;
				CLANG_ANALYZER_NUMBER_OBJECT_CONVERSION = YES_AGGRESSIVE;
				CLANG_CXX_LANGUAGE_STANDARD = "gnu++20";
				CLANG_ENABLE_MODULES = YES;
				CLANG_ENABLE_OBJC_ARC = YES;
				CLANG_ENABLE_OBJC_WEAK = YES;
				CLANG_WARN_BLOCK_CAPTURE_AUTORELEASING = YES;
				CLANG_WARN_BOOL_CONVERSION = YES;
				CLANG_WARN_COMMA = YES;
				CLANG_WARN_CONSTANT_CONVERSION = YES;
				CLANG_WARN_DEPRECATED_OBJC_IMPLEMENTATIONS = YES;
				CLANG_WARN_DIRECT_OBJC_ISA_USAGE = YES_ERROR;
				CLANG_WARN_DOCUMENTATION_COMMENTS = YES;
				CLANG_WARN_EMPTY_BODY = YES;
				CLANG_WARN_ENUM_CONVERSION = YES;
				CLANG_WARN_INFINITE_RECURSION = YES;
				CLANG_WARN_INT_CONVERSION = YES;
				CLANG_WARN_NON_LITERAL_NULL_CONVERSION = YES;
				CLANG_WARN_OBJC_IMPLICIT_RETAIN_SELF = YES;
				CLANG_WARN_OBJC_LITERAL_CONVERSION = YES;
				CLANG_WARN_OBJC_ROOT_CLASS = YES_ERROR;
				CLANG_WARN_QUOTED_INCLUDE_IN_FRAMEWORK_HEADER = YES;
				CLANG_WARN_RANGE_LOOP_ANALYSIS = YES;
				CLANG_WARN_STRICT_PROTOTYPES = YES;
				CLANG_WARN_SUSPICIOUS_MOVE = YES;
				CLANG_WARN_UNGUARDED_AVAILABILITY = YES_AGGRESSIVE;
				CLANG_WARN_UNREACHABLE_CODE = YES;
				CLANG_WARN__DUPLICATE_METHOD_MATCH = YES;
				COPY_PHASE_STRIP = NO;
				DEBUG_INFORMATION_FORMAT = dwarf;
				ENABLE_STRICT_OBJC_MSGSEND = YES;
				ENABLE_TESTABILITY = YES;
				ENABLE_USER_SCRIPT_SANDBOXING = YES;
				GCC_C_LANGUAGE_STANDARD = gnu17;
				GCC_DYNAMIC_NO_PIC = NO;
				GCC_NO_COMMON_BLOCKS = YES;
				GCC_OPTIMIZATION_LEVEL = 0;
				GCC_PREPROCESSOR_DEFINITIONS = (
					"DEBUG=1",
					"$(inherited)",
				);
				GCC_WARN_64_TO_32_BIT_CONVERSION = YES;
				GCC_WARN_ABOUT_RETURN_TYPE = YES_ERROR;
				GCC_WARN_UNDECLARED_SELECTOR = YES;
				GCC_WARN_UNINITIALIZED_AUTOS = YES_AGGRESSIVE;
				GCC_WARN_UNUSED_FUNCTION = YES;
				GCC_WARN_UNUSED_VARIABLE = YES;
				LOCALIZATION_PREFERS_STRING_CATALOGS = YES;
				MACOSX_DEPLOYMENT_TARGET = 14.0;
				MTL_ENABLE_DEBUG_INFO = INCLUDE_SOURCE;
				MTL_FAST_MATH = YES;
				ONLY_ACTIVE_ARCH = YES;
				SDKROOT = macosx;
				SWIFT_ACTIVE_COMPILATION_CONDITIONS = "DEBUG $(inherited)";
				SWIFT_OPTIMIZATION_LEVEL = "-Onone";
			};
			name = Debug;
		};
		000000A000000002 /* Release */ = {
			isa = XCBuildConfiguration;
			buildSettings = {
				ALWAYS_SEARCH_USER_PATHS = NO;
				ASSETCATALOG_COMPILER_GENERATE_SWIFT_ASSET_SYMBOL_EXTENSIONS = YES;
				CLANG_ANALYZER_NONNULL = YES;
				CLANG_ANALYZER_NUMBER_OBJECT_CONVERSION = YES_AGGRESSIVE;
				CLANG_CXX_LANGUAGE_STANDARD = "gnu++20";
				CLANG_ENABLE_MODULES = YES;
				CLANG_ENABLE_OBJC_ARC = YES;
				CLANG_ENABLE_OBJC_WEAK = YES;
				CLANG_WARN_BLOCK_CAPTURE_AUTORELEASING = YES;
				CLANG_WARN_BOOL_CONVERSION = YES;
				CLANG_WARN_COMMA = YES;
				CLANG_WARN_CONSTANT_CONVERSION = YES;
				CLANG_WARN_DEPRECATED_OBJC_IMPLEMENTATIONS = YES;
				CLANG_WARN_DIRECT_OBJC_ISA_USAGE = YES_ERROR;
				CLANG_WARN_DOCUMENTATION_COMMENTS = YES;
				CLANG_WARN_EMPTY_BODY = YES;
				CLANG_WARN_ENUM_CONVERSION = YES;
				CLANG_WARN_INFINITE_RECURSION = YES;
				CLANG_WARN_INT_CONVERSION = YES;
				CLANG_WARN_NON_LITERAL_NULL_CONVERSION = YES;
				CLANG_WARN_OBJC_IMPLICIT_RETAIN_SELF = YES;
				CLANG_WARN_OBJC_LITERAL_CONVERSION = YES;
				CLANG_WARN_OBJC_ROOT_CLASS = YES_ERROR;
				CLANG_WARN_QUOTED_INCLUDE_IN_FRAMEWORK_HEADER = YES;
				CLANG_WARN_RANGE_LOOP_ANALYSIS = YES;
				CLANG_WARN_STRICT_PROTOTYPES = YES;
				CLANG_WARN_SUSPICIOUS_MOVE = YES;
				CLANG_WARN_UNGUARDED_AVAILABILITY = YES_AGGRESSIVE;
				CLANG_WARN_UNREACHABLE_CODE = YES;
				CLANG_WARN__DUPLICATE_METHOD_MATCH = YES;
				COPY_PHASE_STRIP = NO;
				DEBUG_INFORMATION_FORMAT = "dwarf-with-dsym";
				ENABLE_NS_ASSERTIONS = NO;
				ENABLE_STRICT_OBJC_MSGSEND = YES;
				ENABLE_USER_SCRIPT_SANDBOXING = YES;
				GCC_C_LANGUAGE_STANDARD = gnu17;
				GCC_NO_COMMON_BLOCKS = YES;
				GCC_WARN_64_TO_32_BIT_CONVERSION = YES;
				GCC_WARN_ABOUT_RETURN_TYPE = YES_ERROR;
				GCC_WARN_UNDECLARED_SELECTOR = YES;
				GCC_WARN_UNINITIALIZED_AUTOS = YES_AGGRESSIVE;
				GCC_WARN_UNUSED_FUNCTION = YES;
				GCC_WARN_UNUSED_VARIABLE = YES;
				LOCALIZATION_PREFERS_STRING_CATALOGS = YES;
				MACOSX_DEPLOYMENT_TARGET = 14.0;
				MTL_ENABLE_DEBUG_INFO = NO;
				MTL_FAST_MATH = YES;
				SDKROOT = macosx;
				SWIFT_COMPILATION_MODE = wholemodule;
			};
			name = Release;
		};
		000000A000000003 /* Debug */ = {
			isa = XCBuildConfiguration;
			buildSettings = {
				ASSETCATALOG_COMPILER_APPICON_NAME = AppIcon;
				ASSETCATALOG_COMPILER_GLOBAL_ACCENT_COLOR_NAME = AccentColor;
				CODE_SIGN_ENTITLEMENTS = DiskSpice/DiskSpice.entitlements;
				CODE_SIGN_STYLE = Automatic;
				COMBINE_HIDPI_IMAGES = YES;
				CURRENT_PROJECT_VERSION = 1;
				DEVELOPMENT_ASSET_PATHS = "";
				ENABLE_HARDENED_RUNTIME = YES;
				ENABLE_PREVIEWS = YES;
				GENERATE_INFOPLIST_FILE = YES;
				INFOPLIST_FILE = DiskSpice/Info.plist;
				INFOPLIST_KEY_LSApplicationCategoryType = "public.app-category.utilities";
				INFOPLIST_KEY_NSHumanReadableCopyright = "";
				LD_RUNPATH_SEARCH_PATHS = (
					"$(inherited)",
					"@executable_path/../Frameworks",
				);
				MARKETING_VERSION = 1.0;
				PRODUCT_BUNDLE_IDENTIFIER = com.diskspice.DiskSpice;
				PRODUCT_NAME = "$(TARGET_NAME)";
				SWIFT_EMIT_LOC_STRINGS = YES;
				SWIFT_VERSION = 5.0;
			};
			name = Debug;
		};
		000000A000000004 /* Release */ = {
			isa = XCBuildConfiguration;
			buildSettings = {
				ASSETCATALOG_COMPILER_APPICON_NAME = AppIcon;
				ASSETCATALOG_COMPILER_GLOBAL_ACCENT_COLOR_NAME = AccentColor;
				CODE_SIGN_ENTITLEMENTS = DiskSpice/DiskSpice.entitlements;
				CODE_SIGN_STYLE = Automatic;
				COMBINE_HIDPI_IMAGES = YES;
				CURRENT_PROJECT_VERSION = 1;
				DEVELOPMENT_ASSET_PATHS = "";
				ENABLE_HARDENED_RUNTIME = YES;
				ENABLE_PREVIEWS = YES;
				GENERATE_INFOPLIST_FILE = YES;
				INFOPLIST_FILE = DiskSpice/Info.plist;
				INFOPLIST_KEY_LSApplicationCategoryType = "public.app-category.utilities";
				INFOPLIST_KEY_NSHumanReadableCopyright = "";
				LD_RUNPATH_SEARCH_PATHS = (
					"$(inherited)",
					"@executable_path/../Frameworks",
				);
				MARKETING_VERSION = 1.0;
				PRODUCT_BUNDLE_IDENTIFIER = com.diskspice.DiskSpice;
				PRODUCT_NAME = "$(TARGET_NAME)";
				SWIFT_EMIT_LOC_STRINGS = YES;
				SWIFT_VERSION = 5.0;
			};
			name = Release;
		};
/* End XCBuildConfiguration section */

/* Begin XCConfigurationList section */
		0000000800000001 /* Build configuration list for PBXNativeTarget "DiskSpice" */ = {
			isa = XCConfigurationList;
			buildConfigurations = (
				000000A000000003 /* Debug */,
				000000A000000004 /* Release */,
			);
			defaultConfigurationIsVisible = 0;
			defaultConfigurationName = Release;
		};
		0000000800000002 /* Build configuration list for PBXProject "DiskSpice" */ = {
			isa = XCConfigurationList;
			buildConfigurations = (
				000000A000000001 /* Debug */,
				000000A000000002 /* Release */,
			);
			defaultConfigurationIsVisible = 0;
			defaultConfigurationName = Release;
		};
/* End XCConfigurationList section */
	};
	rootObject = 0000000900000001 /* Project object */;
}
